
Microsoft Visual Studio Solution File, Format Version 12.00
# Visual Studio Version 17
VisualStudioVersion = 17.3.32901.215
MinimumVisualStudioVersion = 10.0.40219.1
Project("{FAE04EC0-301F-11D3-BF4B-00C04F79EFBC}") = "A3MPGSP2", "A3MPGSP2\A3MPGSP2.csproj", "{2EFDEFCA-DCF0-483E-AD44-A55404EF73C5}"
EndProject
Global
	GlobalSection(SolutionConfigurationPlatforms) = preSolution
		Debug|Any CPU = Debug|Any CPU
		Release|Any CPU = Release|Any CPU
	EndGlobalSection
	GlobalSection(ProjectConfigurationPlatforms) = postSolution
		{2EFDEFCA-DCF0-483E-AD44-A55404EF73C5}.Debug|Any CPU.ActiveCfg = Debug|Any CPU
		{2EFDEFCA-DCF0-483E-AD44-A55404EF73C5}.Debug|Any CPU.Build.0 = Debug|Any CPU
		{2EFDEFCA-DCF0-483E-AD44-A55404EF73C5}.Release|Any CPU.ActiveCfg = Release|Any CPU
		{2EFDEFCA-DCF0-483E-AD44-A55404EF73C5}.Release|Any CPU.Build.0 = Release|Any CPU
	EndGlobalSection
	GlobalSection(SolutionProperties) = preSolution
		HideSolutionNode = FALSE
	EndGlobalSection
	GlobalSection(ExtensibilityGlobals) = postSolution
		SolutionGuid = {0859B633-3D42-4C67-9AEE-2CD36076A86F}
	EndGlobalSection
EndGlobal
